<?xml version="1.0" encoding="utf-8"?>
<Project ToolsVersion="4.0" xmlns="http://schemas.microsoft.com/developer/msbuild/2003">
  <ItemGroup>
    <Filter Include="Quelldateien">
      <UniqueIdentifier>{4FC737F1-C7A5-4376-A066-2A32D752A2FF}</UniqueIdentifier>
      <Extensions>cpp;c;cc;cxx;c++;cppm;ixx;def;odl;idl;hpj;bat;asm;asmx</Extensions>
    </Filter>
    <Filter Include="Headerdateien">
      <UniqueIdentifier>{93995380-89BD-4b04-88EB-625FBE52EBFB}</UniqueIdentifier>
      <Extensions>h;hh;hpp;hxx;h++;hm;inl;inc;ipp;xsd</Extensions>
    </Filter>
    <Filter Include="Ressourcendateien">
      <UniqueIdentifier>{67DA6AB6-F800-4c08-8B7A-83BB121AAD01}</UniqueIdentifier>
      <Extensions>rc;ico;cur;bmp;dlg;rc2;rct;bin;rgs;gif;jpg;jpeg;jpe;resx;tiff;tif;png;wav;mfcribbon-ms</Extensions>
    </Filter>
  </ItemGroup>
  <ItemGroup>
    <ClCompile Include="main.cpp">
      <Filter>Quelldateien</Filter>
    </ClCompile>
    <ClCompile Include="Game.cpp">
      <Filter>Quelldateien</Filter>
    </ClCompile>
    <ClCompile Include="glad.c">
      <Filter>Ressourcendateien</Filter>
    </ClCompile>
    <ClCompile Include="Shader.cpp">
      <Filter>Quelldateien</Filter>
    </ClCompile>
    <ClCompile Include="stb_image.cpp">
      <Filter>Quelldateien</Filter>
    </ClCompile>
    <ClCompile Include="Entity.cpp">
      <Filter>Quelldateien</Filter>
    </ClCompile>
    <ClCompile Include="Quad.cpp">
      <Filter>Quelldateien</Filter>
    </ClCompile>
    <ClCompile Include="Cube.cpp">
      <Filter>Quelldateien</Filter>
    </ClCompile>
    <ClCompile Include="PhongCube.cpp">
      <Filter>Quelldateien</Filter>
    </ClCompile>
    <ClCompile Include="Terrain.cpp">
      <Filter>Quelldateien</Filter>
    </ClCompile>
  </ItemGroup>
  <ItemGroup>
    <ClInclude Include="Game.h">
      <Filter>Headerdateien</Filter>
    </ClInclude>
    <ClInclude Include="Vertex.h">
      <Filter>Headerdateien</Filter>
    </ClInclude>
    <ClInclude Include="Shader.h">
      <Filter>Headerdateien</Filter>
    </ClInclude>
    <ClInclude Include="stb_image.h">
      <Filter>Headerdateien</Filter>
    </ClInclude>
    <ClInclude Include="Entity.h">
      <Filter>Headerdateien</Filter>
    </ClInclude>
    <ClInclude Include="Quad.h">
      <Filter>Headerdateien</Filter>
    </ClInclude>
    <ClInclude Include="Cube.h">
      <Filter>Headerdateien</Filter>
    </ClInclude>
    <ClInclude Include="PhongCube.h">
      <Filter>Headerdateien</Filter>
    </ClInclude>
    <ClInclude Include="Terrain.h">
      <Filter>Headerdateien</Filter>
    </ClInclude>
  </ItemGroup>
  <ItemGroup>
    <CopyFileToFolders Include="Shader\defaultShader.frag">
      <Filter>Ressourcendateien</Filter>
    </CopyFileToFolders>
    <CopyFileToFolders Include="Shader\defaultShader.vert">
      <Filter>Ressourcendateien</Filter>
    </CopyFileToFolders>
    <CopyFileToFolders Include="Content\FirstTexture.png">
      <Filter>Ressourcendateien</Filter>
    </CopyFileToFolders>
    <CopyFileToFolders Include="Content\Smiley2.png">
      <Filter>Ressourcendateien</Filter>
    </CopyFileToFolders>
    <CopyFileToFolders Include="Content\Test.jpg">
      <Filter>Ressourcendateien</Filter>
    </CopyFileToFolders>
    <CopyFileToFolders Include="phongShader.frag">
      <Filter>Ressourcendateien</Filter>
    </CopyFileToFolders>
    <CopyFileToFolders Include="phongShader.vert">
      <Filter>Ressourcendateien</Filter>
    </CopyFileToFolders>
    <CopyFileToFolders Include="Content\RainbowTest.jpg">
      <Filter>Ressourcendateien</Filter>
    </CopyFileToFolders>
    <CopyFileToFolders Include="Content\RainbowTestNormal.jpg">
      <Filter>Ressourcendateien</Filter>
    </CopyFileToFolders>
    <CopyFileToFolders Include="terrain.frag">
      <Filter>Ressourcendateien</Filter>
    </CopyFileToFolders>
    <CopyFileToFolders Include="terrain.vert">
      <Filter>Ressourcendateien</Filter>
    </CopyFileToFolders>
    <CopyFileToFolders Include="Content\Heightmap.jpg">
      <Filter>Ressourcendateien</Filter>
    </CopyFileToFolders>
  </ItemGroup>
</Project>